
Microsoft Visual Studio Solution File, Format Version 9.00
# Visual Studio 2005
Project("{FAE04EC0-301F-11D3-BF4B-00C04F79EFBC}") = "CSharp_MATLAB", "VSProj\CSharp_MATLAB.csproj", "{3AFC1CA7-8AEA-4BE9-B3DE-BC4A4F5EF677}"
EndProject
Global
	GlobalSection(SolutionConfigurationPlatforms) = preSolution
		Debug|Any CPU = Debug|Any CPU
		Release|Any CPU = Release|Any CPU
	EndGlobalSection
	GlobalSection(ProjectConfigurationPlatforms) = postSolution
		{3AFC1CA7-8AEA-4BE9-B3DE-BC4A4F5EF677}.Debug|Any CPU.ActiveCfg = Debug|Any CPU
		{3AFC1CA7-8AEA-4BE9-B3DE-BC4A4F5EF677}.Debug|Any CPU.Build.0 = Debug|Any CPU
		{3AFC1CA7-8AEA-4BE9-B3DE-BC4A4F5EF677}.Release|Any CPU.ActiveCfg = Release|Any CPU
		{3AFC1CA7-8AEA-4BE9-B3DE-BC4A4F5EF677}.Release|Any CPU.Build.0 = Release|Any CPU
	EndGlobalSection
	GlobalSection(SolutionProperties) = preSolution
		HideSolutionNode = FALSE
	EndGlobalSection
EndGlobal
